
Microsoft Visual Studio Solution File, Format Version 12.00
# Visual Studio 15
VisualStudioVersion = 15.0.27004.2008
MinimumVisualStudioVersion = 10.0.40219.1
Project("{8BC9CEB8-8B4A-11D0-8D11-00A0C91BC942}") = "lab2", "lab2.vcxproj", "{C539F4F3-8D4B-4957-A6B6-821B946995C4}"
EndProject
Global
	GlobalSection(SolutionConfigurationPlatforms) = preSolution
		Debug|x64 = Debug|x64
		Debug|x86 = Debug|x86
		Release|x64 = Release|x64
		Release|x86 = Release|x86
	EndGlobalSection
	GlobalSection(ProjectConfigurationPlatforms) = postSolution
		{C539F4F3-8D4B-4957-A6B6-821B946995C4}.Debug|x64.ActiveCfg = Debug|x64
		{C539F4F3-8D4B-4957-A6B6-821B946995C4}.Debug|x64.Build.0 = Debug|x64
		{C539F4F3-8D4B-4957-A6B6-821B946995C4}.Debug|x86.ActiveCfg = Debug|Win32
		{C539F4F3-8D4B-4957-A6B6-821B946995C4}.Debug|x86.Build.0 = Debug|Win32
		{C539F4F3-8D4B-4957-A6B6-821B946995C4}.Release|x64.ActiveCfg = Release|x64
		{C539F4F3-8D4B-4957-A6B6-821B946995C4}.Release|x64.Build.0 = Release|x64
		{C539F4F3-8D4B-4957-A6B6-821B946995C4}.Release|x86.ActiveCfg = Release|Win32
		{C539F4F3-8D4B-4957-A6B6-821B946995C4}.Release|x86.Build.0 = Release|Win32
	EndGlobalSection
	GlobalSection(SolutionProperties) = preSolution
		HideSolutionNode = FALSE
	EndGlobalSection
	GlobalSection(ExtensibilityGlobals) = postSolution
		SolutionGuid = {69B06D26-EF1E-48B5-93A2-1D272CD592E9}
	EndGlobalSection
EndGlobal
